// !$*UTF8*$!
{
	archiveVersion = 1;
	classes = {
	};
	objectVersion = 50;
	objects = {

/* Begin PBXBuildFile section */
		3213C10D2135B126002100E6 /* TransitionManger.swift in Sources */ = {isa = PBXBuildFile; fileRef = 3213C10C2135B126002100E6 /* TransitionManger.swift */; };
		6252E8AA2136CF2F00042E0C /* GifListViewController.xib in Resources */ = {isa = PBXBuildFile; fileRef = 6252E8A92136CF2E00042E0C /* GifListViewController.xib */; };
		6252E8AC2137F59600042E0C /* AppFileManagerTests.swift in Sources */ = {isa = PBXBuildFile; fileRef = 6252E8AB2137F59600042E0C /* AppFileManagerTests.swift */; };
		6252E8AE2137F62A00042E0C /* DataManagerTests.swift in Sources */ = {isa = PBXBuildFile; fileRef = 6252E8AD2137F62A00042E0C /* DataManagerTests.swift */; };
		6252E8B02137F65600042E0C /* NavigationTests.swift in Sources */ = {isa = PBXBuildFile; fileRef = 6252E8AF2137F65600042E0C /* NavigationTests.swift */; };
		6252E8B22137F66A00042E0C /* TransitionManagerTests.swift in Sources */ = {isa = PBXBuildFile; fileRef = 6252E8B12137F66A00042E0C /* TransitionManagerTests.swift */; };
		6252E8B42137F6FB00042E0C /* GifListViewModelTests.swift in Sources */ = {isa = PBXBuildFile; fileRef = 6252E8B32137F6FB00042E0C /* GifListViewModelTests.swift */; };
		6252E8B62137F71000042E0C /* GifCellViewModelTests.swift in Sources */ = {isa = PBXBuildFile; fileRef = 6252E8B52137F71000042E0C /* GifCellViewModelTests.swift */; };
		6252E8B82137F74700042E0C /* GifDetailViewModelTests.swift in Sources */ = {isa = PBXBuildFile; fileRef = 6252E8B72137F74700042E0C /* GifDetailViewModelTests.swift */; };
		6252E8BA2137F7F200042E0C /* GifSearchViewModelTests.swift in Sources */ = {isa = PBXBuildFile; fileRef = 6252E8B92137F7F200042E0C /* GifSearchViewModelTests.swift */; };
		6252E8BD2137F86F00042E0C /* APIServiceTests.swift in Sources */ = {isa = PBXBuildFile; fileRef = 6252E8BC2137F86F00042E0C /* APIServiceTests.swift */; };
		9A3DD03D2130489E005375F5 /* AppDelegate.swift in Sources */ = {isa = PBXBuildFile; fileRef = 9A3DD03C2130489E005375F5 /* AppDelegate.swift */; };
		9A3DD0422130489E005375F5 /* Main.storyboard in Resources */ = {isa = PBXBuildFile; fileRef = 9A3DD0402130489E005375F5 /* Main.storyboard */; };
		9A3DD0452130489E005375F5 /* GiphyApp.xcdatamodeld in Sources */ = {isa = PBXBuildFile; fileRef = 9A3DD0432130489E005375F5 /* GiphyApp.xcdatamodeld */; };
		9A3DD047213048A0005375F5 /* Assets.xcassets in Resources */ = {isa = PBXBuildFile; fileRef = 9A3DD046213048A0005375F5 /* Assets.xcassets */; };
		9A3DD04A213048A0005375F5 /* LaunchScreen.storyboard in Resources */ = {isa = PBXBuildFile; fileRef = 9A3DD048213048A0005375F5 /* LaunchScreen.storyboard */; };
		9A3DD055213048A0005375F5 /* GiphyAppTests.swift in Sources */ = {isa = PBXBuildFile; fileRef = 9A3DD054213048A0005375F5 /* GiphyAppTests.swift */; };
		9A3DD0762130548F005375F5 /* GifListViewController.m in Sources */ = {isa = PBXBuildFile; fileRef = 9A3DD0742130548F005375F5 /* GifListViewController.m */; };
		9A3DD0792130552B005375F5 /* GifListViewModel.swift in Sources */ = {isa = PBXBuildFile; fileRef = 9A3DD0782130552B005375F5 /* GifListViewModel.swift */; };
		9A3DD07D21306004005375F5 /* GifDetailViewController.m in Sources */ = {isa = PBXBuildFile; fileRef = 9A3DD07B21306004005375F5 /* GifDetailViewController.m */; };
		9A3DD07E21306004005375F5 /* GifDetailViewController.xib in Resources */ = {isa = PBXBuildFile; fileRef = 9A3DD07C21306004005375F5 /* GifDetailViewController.xib */; };
		9A3DD0802130601B005375F5 /* GifDetailViewModel.swift in Sources */ = {isa = PBXBuildFile; fileRef = 9A3DD07F2130601B005375F5 /* GifDetailViewModel.swift */; };
		9A3DD083213060CD005375F5 /* Navigation.swift in Sources */ = {isa = PBXBuildFile; fileRef = 9A3DD082213060CD005375F5 /* Navigation.swift */; };
		9A3DD086213067CA005375F5 /* GifEntity.swift in Sources */ = {isa = PBXBuildFile; fileRef = 9A3DD085213067CA005375F5 /* GifEntity.swift */; };
		9A3DD08C21306846005375F5 /* GifCollectionViewCell.m in Sources */ = {isa = PBXBuildFile; fileRef = 9A3DD08A21306846005375F5 /* GifCollectionViewCell.m */; };
		9A3DD08D21306846005375F5 /* GifCollectionViewCell.xib in Resources */ = {isa = PBXBuildFile; fileRef = 9A3DD08B21306846005375F5 /* GifCollectionViewCell.xib */; };
		9A3DD08F21306E24005375F5 /* GifCellViewModel.swift in Sources */ = {isa = PBXBuildFile; fileRef = 9A3DD08E21306E24005375F5 /* GifCellViewModel.swift */; };
		9A3DD094213071E5005375F5 /* GifCollectionViewLayout.swift in Sources */ = {isa = PBXBuildFile; fileRef = 9A3DD093213071E5005375F5 /* GifCollectionViewLayout.swift */; };
		9A3DD09F21307AF8005375F5 /* APIService.swift in Sources */ = {isa = PBXBuildFile; fileRef = 9A3DD09E21307AF8005375F5 /* APIService.swift */; };
		9A3DD0A121307B58005375F5 /* APITypes.swift in Sources */ = {isa = PBXBuildFile; fileRef = 9A3DD0A021307B58005375F5 /* APITypes.swift */; };
		9A91FF982136AE500012F072 /* GifSearchViewModel.swift in Sources */ = {isa = PBXBuildFile; fileRef = 9A91FF972136AE500012F072 /* GifSearchViewModel.swift */; };
		9A91FF9A2136AF480012F072 /* ControllerViewModel.swift in Sources */ = {isa = PBXBuildFile; fileRef = 9A91FF992136AF480012F072 /* ControllerViewModel.swift */; };
		9A91FF9F2136C3D70012F072 /* GifListViewController+CollectionView.m in Sources */ = {isa = PBXBuildFile; fileRef = 9A91FF9E2136C3D70012F072 /* GifListViewController+CollectionView.m */; };
		9A91FFA22136C3E70012F072 /* GifListViewController+SearchTextField.m in Sources */ = {isa = PBXBuildFile; fileRef = 9A91FFA12136C3E70012F072 /* GifListViewController+SearchTextField.m */; };
		9AC153062133E6A4000CE838 /* UIImage+Animated.swift in Sources */ = {isa = PBXBuildFile; fileRef = 9AC153052133E6A4000CE838 /* UIImage+Animated.swift */; };
		9AC1530A2133E6B3000CE838 /* UIColor+AppColor.m in Sources */ = {isa = PBXBuildFile; fileRef = 9AC153092133E6B3000CE838 /* UIColor+AppColor.m */; };
		9AC1530D2133E6BF000CE838 /* GifTypes.swift in Sources */ = {isa = PBXBuildFile; fileRef = 9AC1530B2133E6BF000CE838 /* GifTypes.swift */; };
		9AC1530E2133E6BF000CE838 /* GifImage.swift in Sources */ = {isa = PBXBuildFile; fileRef = 9AC1530C2133E6BF000CE838 /* GifImage.swift */; };
		9AC1531521343B76000CE838 /* Date+FormattedString.swift in Sources */ = {isa = PBXBuildFile; fileRef = 9AC1531421343B76000CE838 /* Date+FormattedString.swift */; };
		9AF2FCB421354BA400347C36 /* DataManager.m in Sources */ = {isa = PBXBuildFile; fileRef = 9AF2FCB321354BA400347C36 /* DataManager.m */; };
		9AF2FCB821354F8600347C36 /* AppFileManager.swift in Sources */ = {isa = PBXBuildFile; fileRef = 9AF2FCB721354F8600347C36 /* AppFileManager.swift */; };
		9AF2FCBD2135B26200347C36 /* NetworkCancelable.swift in Sources */ = {isa = PBXBuildFile; fileRef = 9AF2FCBC2135B26200347C36 /* NetworkCancelable.swift */; };
		9AF2FCC02135B79F00347C36 /* APIParsing.swift in Sources */ = {isa = PBXBuildFile; fileRef = 9AF2FCBF2135B79F00347C36 /* APIParsing.swift */; };
		AA92E781213732D600339F56 /* NSDate+FormattedString.m in Sources */ = {isa = PBXBuildFile; fileRef = AA92E780213732D600339F56 /* NSDate+FormattedString.m */; };
/* End PBXBuildFile section */

/* Begin PBXContainerItemProxy section */
		9A3DD051213048A0005375F5 /* PBXContainerItemProxy */ = {
			isa = PBXContainerItemProxy;
			containerPortal = 9A3DD0312130489E005375F5 /* Project object */;
			proxyType = 1;
			remoteGlobalIDString = 9A3DD0382130489E005375F5;
			remoteInfo = GiphyApp;
		};
/* End PBXContainerItemProxy section */

/* Begin PBXFileReference section */
		3213C10C2135B126002100E6 /* TransitionManger.swift */ = {isa = PBXFileReference; lastKnownFileType = sourcecode.swift; path = TransitionManger.swift; sourceTree = "<group>"; };
		6252E8A92136CF2E00042E0C /* GifListViewController.xib */ = {isa = PBXFileReference; fileEncoding = 4; lastKnownFileType = file.xib; path = GifListViewController.xib; sourceTree = "<group>"; };
		6252E8AB2137F59600042E0C /* AppFileManagerTests.swift */ = {isa = PBXFileReference; lastKnownFileType = sourcecode.swift; path = AppFileManagerTests.swift; sourceTree = "<group>"; };
		6252E8AD2137F62A00042E0C /* DataManagerTests.swift */ = {isa = PBXFileReference; lastKnownFileType = sourcecode.swift; path = DataManagerTests.swift; sourceTree = "<group>"; };
		6252E8AF2137F65600042E0C /* NavigationTests.swift */ = {isa = PBXFileReference; lastKnownFileType = sourcecode.swift; path = NavigationTests.swift; sourceTree = "<group>"; };
		6252E8B12137F66A00042E0C /* TransitionManagerTests.swift */ = {isa = PBXFileReference; lastKnownFileType = sourcecode.swift; path = TransitionManagerTests.swift; sourceTree = "<group>"; };
		6252E8B32137F6FB00042E0C /* GifListViewModelTests.swift */ = {isa = PBXFileReference; lastKnownFileType = sourcecode.swift; path = GifListViewModelTests.swift; sourceTree = "<group>"; };
		6252E8B52137F71000042E0C /* GifCellViewModelTests.swift */ = {isa = PBXFileReference; lastKnownFileType = sourcecode.swift; path = GifCellViewModelTests.swift; sourceTree = "<group>"; };
		6252E8B72137F74700042E0C /* GifDetailViewModelTests.swift */ = {isa = PBXFileReference; lastKnownFileType = sourcecode.swift; path = GifDetailViewModelTests.swift; sourceTree = "<group>"; };
		6252E8B92137F7F200042E0C /* GifSearchViewModelTests.swift */ = {isa = PBXFileReference; lastKnownFileType = sourcecode.swift; path = GifSearchViewModelTests.swift; sourceTree = "<group>"; };
		6252E8BC2137F86F00042E0C /* APIServiceTests.swift */ = {isa = PBXFileReference; lastKnownFileType = sourcecode.swift; path = APIServiceTests.swift; sourceTree = "<group>"; };
		9A3DD0392130489E005375F5 /* GiphyApp.app */ = {isa = PBXFileReference; explicitFileType = wrapper.application; includeInIndex = 0; path = GiphyApp.app; sourceTree = BUILT_PRODUCTS_DIR; };
		9A3DD03C2130489E005375F5 /* AppDelegate.swift */ = {isa = PBXFileReference; lastKnownFileType = sourcecode.swift; path = AppDelegate.swift; sourceTree = "<group>"; };
		9A3DD0412130489E005375F5 /* Base */ = {isa = PBXFileReference; lastKnownFileType = file.storyboard; name = Base; path = Base.lproj/Main.storyboard; sourceTree = "<group>"; };
		9A3DD0442130489E005375F5 /* GiphyApp.xcdatamodel */ = {isa = PBXFileReference; lastKnownFileType = wrapper.xcdatamodel; path = GiphyApp.xcdatamodel; sourceTree = "<group>"; };
		9A3DD046213048A0005375F5 /* Assets.xcassets */ = {isa = PBXFileReference; lastKnownFileType = folder.assetcatalog; path = Assets.xcassets; sourceTree = "<group>"; };
		9A3DD049213048A0005375F5 /* Base */ = {isa = PBXFileReference; lastKnownFileType = file.storyboard; name = Base; path = Base.lproj/LaunchScreen.storyboard; sourceTree = "<group>"; };
		9A3DD04B213048A0005375F5 /* Info.plist */ = {isa = PBXFileReference; lastKnownFileType = text.plist.xml; path = Info.plist; sourceTree = "<group>"; };
		9A3DD050213048A0005375F5 /* GiphyAppTests.xctest */ = {isa = PBXFileReference; explicitFileType = wrapper.cfbundle; includeInIndex = 0; path = GiphyAppTests.xctest; sourceTree = BUILT_PRODUCTS_DIR; };
		9A3DD054213048A0005375F5 /* GiphyAppTests.swift */ = {isa = PBXFileReference; lastKnownFileType = sourcecode.swift; path = GiphyAppTests.swift; sourceTree = "<group>"; };
		9A3DD056213048A0005375F5 /* Info.plist */ = {isa = PBXFileReference; lastKnownFileType = text.plist.xml; path = Info.plist; sourceTree = "<group>"; };
		9A3DD06C21304C89005375F5 /* GiphyApp-Bridging-Header.h */ = {isa = PBXFileReference; lastKnownFileType = sourcecode.c.h; path = "GiphyApp-Bridging-Header.h"; sourceTree = "<group>"; };
		9A3DD0732130548F005375F5 /* GifListViewController.h */ = {isa = PBXFileReference; lastKnownFileType = sourcecode.c.h; path = GifListViewController.h; sourceTree = "<group>"; };
		9A3DD0742130548F005375F5 /* GifListViewController.m */ = {isa = PBXFileReference; lastKnownFileType = sourcecode.c.objc; path = GifListViewController.m; sourceTree = "<group>"; };
		9A3DD0782130552B005375F5 /* GifListViewModel.swift */ = {isa = PBXFileReference; lastKnownFileType = sourcecode.swift; path = GifListViewModel.swift; sourceTree = "<group>"; };
		9A3DD07A21306004005375F5 /* GifDetailViewController.h */ = {isa = PBXFileReference; lastKnownFileType = sourcecode.c.h; path = GifDetailViewController.h; sourceTree = "<group>"; };
		9A3DD07B21306004005375F5 /* GifDetailViewController.m */ = {isa = PBXFileReference; lastKnownFileType = sourcecode.c.objc; path = GifDetailViewController.m; sourceTree = "<group>"; };
		9A3DD07C21306004005375F5 /* GifDetailViewController.xib */ = {isa = PBXFileReference; lastKnownFileType = file.xib; path = GifDetailViewController.xib; sourceTree = "<group>"; };
		9A3DD07F2130601B005375F5 /* GifDetailViewModel.swift */ = {isa = PBXFileReference; lastKnownFileType = sourcecode.swift; path = GifDetailViewModel.swift; sourceTree = "<group>"; };
		9A3DD082213060CD005375F5 /* Navigation.swift */ = {isa = PBXFileReference; lastKnownFileType = sourcecode.swift; path = Navigation.swift; sourceTree = "<group>"; };
		9A3DD085213067CA005375F5 /* GifEntity.swift */ = {isa = PBXFileReference; lastKnownFileType = sourcecode.swift; path = GifEntity.swift; sourceTree = "<group>"; };
		9A3DD08921306846005375F5 /* GifCollectionViewCell.h */ = {isa = PBXFileReference; lastKnownFileType = sourcecode.c.h; path = GifCollectionViewCell.h; sourceTree = "<group>"; };
		9A3DD08A21306846005375F5 /* GifCollectionViewCell.m */ = {isa = PBXFileReference; lastKnownFileType = sourcecode.c.objc; path = GifCollectionViewCell.m; sourceTree = "<group>"; };
		9A3DD08B21306846005375F5 /* GifCollectionViewCell.xib */ = {isa = PBXFileReference; lastKnownFileType = file.xib; path = GifCollectionViewCell.xib; sourceTree = "<group>"; };
		9A3DD08E21306E24005375F5 /* GifCellViewModel.swift */ = {isa = PBXFileReference; lastKnownFileType = sourcecode.swift; path = GifCellViewModel.swift; sourceTree = "<group>"; };
		9A3DD093213071E5005375F5 /* GifCollectionViewLayout.swift */ = {isa = PBXFileReference; lastKnownFileType = sourcecode.swift; path = GifCollectionViewLayout.swift; sourceTree = "<group>"; };
		9A3DD09E21307AF8005375F5 /* APIService.swift */ = {isa = PBXFileReference; lastKnownFileType = sourcecode.swift; path = APIService.swift; sourceTree = "<group>"; };
		9A3DD0A021307B58005375F5 /* APITypes.swift */ = {isa = PBXFileReference; lastKnownFileType = sourcecode.swift; path = APITypes.swift; sourceTree = "<group>"; };
		9A91FF972136AE500012F072 /* GifSearchViewModel.swift */ = {isa = PBXFileReference; lastKnownFileType = sourcecode.swift; path = GifSearchViewModel.swift; sourceTree = "<group>"; };
		9A91FF992136AF480012F072 /* ControllerViewModel.swift */ = {isa = PBXFileReference; lastKnownFileType = sourcecode.swift; path = ControllerViewModel.swift; sourceTree = "<group>"; };
		9A91FF9D2136C3D70012F072 /* GifListViewController+CollectionView.h */ = {isa = PBXFileReference; lastKnownFileType = sourcecode.c.h; path = "GifListViewController+CollectionView.h"; sourceTree = "<group>"; };
		9A91FF9E2136C3D70012F072 /* GifListViewController+CollectionView.m */ = {isa = PBXFileReference; lastKnownFileType = sourcecode.c.objc; path = "GifListViewController+CollectionView.m"; sourceTree = "<group>"; };
		9A91FFA02136C3E70012F072 /* GifListViewController+SearchTextField.h */ = {isa = PBXFileReference; lastKnownFileType = sourcecode.c.h; path = "GifListViewController+SearchTextField.h"; sourceTree = "<group>"; };
		9A91FFA12136C3E70012F072 /* GifListViewController+SearchTextField.m */ = {isa = PBXFileReference; lastKnownFileType = sourcecode.c.objc; path = "GifListViewController+SearchTextField.m"; sourceTree = "<group>"; };
		9AC153052133E6A4000CE838 /* UIImage+Animated.swift */ = {isa = PBXFileReference; fileEncoding = 4; lastKnownFileType = sourcecode.swift; name = "UIImage+Animated.swift"; path = "GiphyApp/Helpers/UIImage+Animated.swift"; sourceTree = SOURCE_ROOT; };
		9AC153082133E6B3000CE838 /* UIColor+AppColor.h */ = {isa = PBXFileReference; fileEncoding = 4; lastKnownFileType = sourcecode.c.h; name = "UIColor+AppColor.h"; path = "GiphyApp/Helpers/Color/UIColor+AppColor.h"; sourceTree = SOURCE_ROOT; };
		9AC153092133E6B3000CE838 /* UIColor+AppColor.m */ = {isa = PBXFileReference; fileEncoding = 4; lastKnownFileType = sourcecode.c.objc; name = "UIColor+AppColor.m"; path = "GiphyApp/Helpers/Color/UIColor+AppColor.m"; sourceTree = SOURCE_ROOT; };
		9AC1530B2133E6BF000CE838 /* GifTypes.swift */ = {isa = PBXFileReference; fileEncoding = 4; lastKnownFileType = sourcecode.swift; path = GifTypes.swift; sourceTree = "<group>"; };
		9AC1530C2133E6BF000CE838 /* GifImage.swift */ = {isa = PBXFileReference; fileEncoding = 4; lastKnownFileType = sourcecode.swift; path = GifImage.swift; sourceTree = "<group>"; };
		9AC1531421343B76000CE838 /* Date+FormattedString.swift */ = {isa = PBXFileReference; lastKnownFileType = sourcecode.swift; path = "Date+FormattedString.swift"; sourceTree = "<group>"; };
		9AF2FCB221354BA400347C36 /* DataManager.h */ = {isa = PBXFileReference; lastKnownFileType = sourcecode.c.h; path = DataManager.h; sourceTree = "<group>"; };
		9AF2FCB321354BA400347C36 /* DataManager.m */ = {isa = PBXFileReference; lastKnownFileType = sourcecode.c.objc; path = DataManager.m; sourceTree = "<group>"; };
		9AF2FCB721354F8600347C36 /* AppFileManager.swift */ = {isa = PBXFileReference; lastKnownFileType = sourcecode.swift; path = AppFileManager.swift; sourceTree = "<group>"; };
		9AF2FCBC2135B26200347C36 /* NetworkCancelable.swift */ = {isa = PBXFileReference; lastKnownFileType = sourcecode.swift; path = NetworkCancelable.swift; sourceTree = "<group>"; };
		9AF2FCBF2135B79F00347C36 /* APIParsing.swift */ = {isa = PBXFileReference; lastKnownFileType = sourcecode.swift; path = APIParsing.swift; sourceTree = "<group>"; };
		AA92E77F213732D600339F56 /* NSDate+FormattedString.h */ = {isa = PBXFileReference; lastKnownFileType = sourcecode.c.h; path = "NSDate+FormattedString.h"; sourceTree = "<group>"; };
		AA92E780213732D600339F56 /* NSDate+FormattedString.m */ = {isa = PBXFileReference; lastKnownFileType = sourcecode.c.objc; path = "NSDate+FormattedString.m"; sourceTree = "<group>"; };
/* End PBXFileReference section */

/* Begin PBXFrameworksBuildPhase section */
		9A3DD0362130489E005375F5 /* Frameworks */ = {
			isa = PBXFrameworksBuildPhase;
			buildActionMask = 2147483647;
			files = (
			);
			runOnlyForDeploymentPostprocessing = 0;
		};
		9A3DD04D213048A0005375F5 /* Frameworks */ = {
			isa = PBXFrameworksBuildPhase;
			buildActionMask = 2147483647;
			files = (
			);
			runOnlyForDeploymentPostprocessing = 0;
		};
/* End PBXFrameworksBuildPhase section */

/* Begin PBXGroup section */
		6252E8BE2137F89C00042E0C /* ViewModels Tests */ = {
			isa = PBXGroup;
			children = (
				6252E8B32137F6FB00042E0C /* GifListViewModelTests.swift */,
				6252E8B52137F71000042E0C /* GifCellViewModelTests.swift */,
				6252E8B72137F74700042E0C /* GifDetailViewModelTests.swift */,
				6252E8B92137F7F200042E0C /* GifSearchViewModelTests.swift */,
			);
			path = "ViewModels Tests";
			sourceTree = "<group>";
		};
		9A3DD0302130489E005375F5 = {
			isa = PBXGroup;
			children = (
				9A3DD03B2130489E005375F5 /* GiphyApp */,
				9A3DD053213048A0005375F5 /* GiphyAppTests */,
				9A3DD03A2130489E005375F5 /* Products */,
			);
			sourceTree = "<group>";
		};
		9A3DD03A2130489E005375F5 /* Products */ = {
			isa = PBXGroup;
			children = (
				9A3DD0392130489E005375F5 /* GiphyApp.app */,
				9A3DD050213048A0005375F5 /* GiphyAppTests.xctest */,
			);
			name = Products;
			sourceTree = "<group>";
		};
		9A3DD03B2130489E005375F5 /* GiphyApp */ = {
			isa = PBXGroup;
			children = (
				9AF2FCB121354B2800347C36 /* Managers */,
				9AC153042133E696000CE838 /* Extensions */,
				9A3DD06321304A09005375F5 /* Launching files */,
				9A3DD081213060B1005375F5 /* Navigation */,
				9A3DD060213049DD005375F5 /* Gif List Screen */,
				9A3DD061213049E7005375F5 /* Gif Detail Screen */,
				9A91FF94213697220012F072 /* Gif Search Screen */,
				9A3DD05F213049CE005375F5 /* Model */,
				9A3DD062213049F5005375F5 /* Network Service */,
				9A3DD0402130489E005375F5 /* Main.storyboard */,
				9A3DD046213048A0005375F5 /* Assets.xcassets */,
				9A3DD04B213048A0005375F5 /* Info.plist */,
				9A3DD06C21304C89005375F5 /* GiphyApp-Bridging-Header.h */,
				9A3DD0432130489E005375F5 /* GiphyApp.xcdatamodeld */,
			);
			path = GiphyApp;
			sourceTree = "<group>";
		};
		9A3DD053213048A0005375F5 /* GiphyAppTests */ = {
			isa = PBXGroup;
			children = (
				9A3DD054213048A0005375F5 /* GiphyAppTests.swift */,
				6252E8AB2137F59600042E0C /* AppFileManagerTests.swift */,
				6252E8AD2137F62A00042E0C /* DataManagerTests.swift */,
				6252E8AF2137F65600042E0C /* NavigationTests.swift */,
				6252E8B12137F66A00042E0C /* TransitionManagerTests.swift */,
				6252E8BC2137F86F00042E0C /* APIServiceTests.swift */,
				6252E8BE2137F89C00042E0C /* ViewModels Tests */,
				9A3DD056213048A0005375F5 /* Info.plist */,
			);
			path = GiphyAppTests;
			sourceTree = "<group>";
		};
		9A3DD05F213049CE005375F5 /* Model */ = {
			isa = PBXGroup;
			children = (
				9A3DD085213067CA005375F5 /* GifEntity.swift */,
				9AC1530C2133E6BF000CE838 /* GifImage.swift */,
				9AC1530B2133E6BF000CE838 /* GifTypes.swift */,
			);
			path = Model;
			sourceTree = "<group>";
		};
		9A3DD060213049DD005375F5 /* Gif List Screen */ = {
			isa = PBXGroup;
			children = (
				9A91FFA32136C9080012F072 /* ViewModels */,
				9A3DD0872130681C005375F5 /* Controller */,
				9A3DD08821306827005375F5 /* Cell */,
			);
			path = "Gif List Screen";
			sourceTree = "<group>";
		};
		9A3DD061213049E7005375F5 /* Gif Detail Screen */ = {
			isa = PBXGroup;
			children = (
				9A3DD09921307777005375F5 /* Controller */,
			);
			path = "Gif Detail Screen";
			sourceTree = "<group>";
		};
		9A3DD062213049F5005375F5 /* Network Service */ = {
			isa = PBXGroup;
			children = (
				9A3DD09E21307AF8005375F5 /* APIService.swift */,
				9A3DD0A021307B58005375F5 /* APITypes.swift */,
				9AF2FCBF2135B79F00347C36 /* APIParsing.swift */,
				9AF2FCBC2135B26200347C36 /* NetworkCancelable.swift */,
			);
			path = "Network Service";
			sourceTree = "<group>";
		};
		9A3DD06321304A09005375F5 /* Launching files */ = {
			isa = PBXGroup;
			children = (
				9A3DD03C2130489E005375F5 /* AppDelegate.swift */,
				9A3DD048213048A0005375F5 /* LaunchScreen.storyboard */,
			);
			path = "Launching files";
			sourceTree = "<group>";
		};
		9A3DD081213060B1005375F5 /* Navigation */ = {
			isa = PBXGroup;
			children = (
				9A3DD082213060CD005375F5 /* Navigation.swift */,
				3213C10C2135B126002100E6 /* TransitionManger.swift */,
			);
			path = Navigation;
			sourceTree = "<group>";
		};
		9A3DD0872130681C005375F5 /* Controller */ = {
			isa = PBXGroup;
			children = (
				9A3DD0732130548F005375F5 /* GifListViewController.h */,
				9A3DD0742130548F005375F5 /* GifListViewController.m */,
				6252E8A92136CF2E00042E0C /* GifListViewController.xib */,
				9A91FF9D2136C3D70012F072 /* GifListViewController+CollectionView.h */,
				9A91FF9E2136C3D70012F072 /* GifListViewController+CollectionView.m */,
				9A91FFA02136C3E70012F072 /* GifListViewController+SearchTextField.h */,
				9A91FFA12136C3E70012F072 /* GifListViewController+SearchTextField.m */,
				9A3DD093213071E5005375F5 /* GifCollectionViewLayout.swift */,
			);
			path = Controller;
			sourceTree = "<group>";
		};
		9A3DD08821306827005375F5 /* Cell */ = {
			isa = PBXGroup;
			children = (
				9A3DD08921306846005375F5 /* GifCollectionViewCell.h */,
				9A3DD08A21306846005375F5 /* GifCollectionViewCell.m */,
				9A3DD08B21306846005375F5 /* GifCollectionViewCell.xib */,
			);
			path = Cell;
			sourceTree = "<group>";
		};
		9A3DD09921307777005375F5 /* Controller */ = {
			isa = PBXGroup;
			children = (
				9A3DD07A21306004005375F5 /* GifDetailViewController.h */,
				9A3DD07B21306004005375F5 /* GifDetailViewController.m */,
				9A3DD07C21306004005375F5 /* GifDetailViewController.xib */,
				9A3DD07F2130601B005375F5 /* GifDetailViewModel.swift */,
			);
			path = Controller;
			sourceTree = "<group>";
		};
		9A91FF94213697220012F072 /* Gif Search Screen */ = {
			isa = PBXGroup;
			children = (
				9A91FF972136AE500012F072 /* GifSearchViewModel.swift */,
				9A91FF992136AF480012F072 /* ControllerViewModel.swift */,
			);
			path = "Gif Search Screen";
			sourceTree = "<group>";
		};
		9A91FFA32136C9080012F072 /* ViewModels */ = {
			isa = PBXGroup;
			children = (
				9A3DD0782130552B005375F5 /* GifListViewModel.swift */,
				9A3DD08E21306E24005375F5 /* GifCellViewModel.swift */,
			);
			path = ViewModels;
			sourceTree = "<group>";
		};
		9AC153042133E696000CE838 /* Extensions */ = {
			isa = PBXGroup;
			children = (
				9AC153072133E6A8000CE838 /* UIColor */,
				AA92E782213732DB00339F56 /* Date */,
				9AC153052133E6A4000CE838 /* UIImage+Animated.swift */,
			);
			name = Extensions;
			path = "New Group";
			sourceTree = "<group>";
		};
		9AC153072133E6A8000CE838 /* UIColor */ = {
			isa = PBXGroup;
			children = (
				9AC153082133E6B3000CE838 /* UIColor+AppColor.h */,
				9AC153092133E6B3000CE838 /* UIColor+AppColor.m */,
			);
			path = UIColor;
			sourceTree = "<group>";
		};
		9AF2FCB121354B2800347C36 /* Managers */ = {
			isa = PBXGroup;
			children = (
				9AF2FCB521354F0E00347C36 /* FileManager */,
				9AF2FCB621354F1A00347C36 /* DataManager */,
			);
			path = Managers;
			sourceTree = "<group>";
		};
		9AF2FCB521354F0E00347C36 /* FileManager */ = {
			isa = PBXGroup;
			children = (
				9AF2FCB721354F8600347C36 /* AppFileManager.swift */,
			);
			path = FileManager;
			sourceTree = "<group>";
		};
		9AF2FCB621354F1A00347C36 /* DataManager */ = {
			isa = PBXGroup;
			children = (
				9AF2FCB221354BA400347C36 /* DataManager.h */,
				9AF2FCB321354BA400347C36 /* DataManager.m */,
			);
			path = DataManager;
			sourceTree = "<group>";
		};
		AA92E782213732DB00339F56 /* Date */ = {
			isa = PBXGroup;
			children = (
				9AC1531421343B76000CE838 /* Date+FormattedString.swift */,
				AA92E77F213732D600339F56 /* NSDate+FormattedString.h */,
				AA92E780213732D600339F56 /* NSDate+FormattedString.m */,
			);
			path = Date;
			sourceTree = "<group>";
		};
/* End PBXGroup section */

/* Begin PBXNativeTarget section */
		9A3DD0382130489E005375F5 /* GiphyApp */ = {
			isa = PBXNativeTarget;
			buildConfigurationList = 9A3DD059213048A0005375F5 /* Build configuration list for PBXNativeTarget "GiphyApp" */;
			buildPhases = (
				9A3DD0352130489E005375F5 /* Sources */,
				9A3DD0362130489E005375F5 /* Frameworks */,
				9A3DD0372130489E005375F5 /* Resources */,
				6252E8BF21381A5800042E0C /* ShellScript */,
			);
			buildRules = (
			);
			dependencies = (
			);
			name = GiphyApp;
			productName = GiphyApp;
			productReference = 9A3DD0392130489E005375F5 /* GiphyApp.app */;
			productType = "com.apple.product-type.application";
		};
		9A3DD04F213048A0005375F5 /* GiphyAppTests */ = {
			isa = PBXNativeTarget;
			buildConfigurationList = 9A3DD05C213048A0005375F5 /* Build configuration list for PBXNativeTarget "GiphyAppTests" */;
			buildPhases = (
				9A3DD04C213048A0005375F5 /* Sources */,
				9A3DD04D213048A0005375F5 /* Frameworks */,
				9A3DD04E213048A0005375F5 /* Resources */,
			);
			buildRules = (
			);
			dependencies = (
				9A3DD052213048A0005375F5 /* PBXTargetDependency */,
			);
			name = GiphyAppTests;
			productName = GiphyAppTests;
			productReference = 9A3DD050213048A0005375F5 /* GiphyAppTests.xctest */;
			productType = "com.apple.product-type.bundle.unit-test";
		};
/* End PBXNativeTarget section */

/* Begin PBXProject section */
		9A3DD0312130489E005375F5 /* Project object */ = {
			isa = PBXProject;
			attributes = {
				LastSwiftUpdateCheck = 0940;
				LastUpgradeCheck = 0940;
				ORGANIZATIONNAME = "Aliaksei Piatyha";
				TargetAttributes = {
					9A3DD0382130489E005375F5 = {
						CreatedOnToolsVersion = 9.4.1;
						LastSwiftMigration = 0940;
					};
					9A3DD04F213048A0005375F5 = {
						CreatedOnToolsVersion = 9.4.1;
						TestTargetID = 9A3DD0382130489E005375F5;
					};
				};
			};
			buildConfigurationList = 9A3DD0342130489E005375F5 /* Build configuration list for PBXProject "GiphyApp" */;
			compatibilityVersion = "Xcode 9.3";
			developmentRegion = en;
			hasScannedForEncodings = 0;
			knownRegions = (
				en,
				Base,
			);
			mainGroup = 9A3DD0302130489E005375F5;
			productRefGroup = 9A3DD03A2130489E005375F5 /* Products */;
			projectDirPath = "";
			projectRoot = "";
			targets = (
				9A3DD0382130489E005375F5 /* GiphyApp */,
				9A3DD04F213048A0005375F5 /* GiphyAppTests */,
			);
		};
/* End PBXProject section */

/* Begin PBXResourcesBuildPhase section */
		9A3DD0372130489E005375F5 /* Resources */ = {
			isa = PBXResourcesBuildPhase;
			buildActionMask = 2147483647;
			files = (
				9A3DD04A213048A0005375F5 /* LaunchScreen.storyboard in Resources */,
				9A3DD07E21306004005375F5 /* GifDetailViewController.xib in Resources */,
				9A3DD047213048A0005375F5 /* Assets.xcassets in Resources */,
				9A3DD08D21306846005375F5 /* GifCollectionViewCell.xib in Resources */,
				9A3DD0422130489E005375F5 /* Main.storyboard in Resources */,
				6252E8AA2136CF2F00042E0C /* GifListViewController.xib in Resources */,
			);
			runOnlyForDeploymentPostprocessing = 0;
		};
		9A3DD04E213048A0005375F5 /* Resources */ = {
			isa = PBXResourcesBuildPhase;
			buildActionMask = 2147483647;
			files = (
			);
			runOnlyForDeploymentPostprocessing = 0;
		};
/* End PBXResourcesBuildPhase section */

/* Begin PBXShellScriptBuildPhase section */
		6252E8BF21381A5800042E0C /* ShellScript */ = {
			isa = PBXShellScriptBuildPhase;
			buildActionMask = 2147483647;
			files = (
			);
			inputPaths = (
			);
			outputPaths = (
			);
			runOnlyForDeploymentPostprocessing = 0;
			shellPath = /bin/sh;
			shellScript = "TAGS=\"TODO:|FIXME:|WARNING:|W:\"\nERRORTAG=\"ERROR:\"\nfind \"${SRCROOT}\" \\( -name \"*.h\" -or -name \"*.m\" -or -name \"*.swift\" \\) -print0 | xargs -0 egrep --with-filename --line-number --only-matching \"($TAGS).*\\$|($ERRORTAG).*\\$\" | perl -p -e \"s/($TAGS)/ warning: \\$1/\"| perl -p -e \"s/($ERRORTAG)/ error: \\$1/\"";
		};
/* End PBXShellScriptBuildPhase section */

/* Begin PBXSourcesBuildPhase section */
		9A3DD0352130489E005375F5 /* Sources */ = {
			isa = PBXSourcesBuildPhase;
			buildActionMask = 2147483647;
			files = (
				9A91FF982136AE500012F072 /* GifSearchViewModel.swift in Sources */,
				9AC153062133E6A4000CE838 /* UIImage+Animated.swift in Sources */,
				3213C10D2135B126002100E6 /* TransitionManger.swift in Sources */,
				9A3DD0762130548F005375F5 /* GifListViewController.m in Sources */,
				9AC1531521343B76000CE838 /* Date+FormattedString.swift in Sources */,
				9A3DD0452130489E005375F5 /* GiphyApp.xcdatamodeld in Sources */,
				9A3DD083213060CD005375F5 /* Navigation.swift in Sources */,
				9AF2FCC02135B79F00347C36 /* APIParsing.swift in Sources */,
				9AC1530D2133E6BF000CE838 /* GifTypes.swift in Sources */,
				9A3DD0802130601B005375F5 /* GifDetailViewModel.swift in Sources */,
				AA92E781213732D600339F56 /* NSDate+FormattedString.m in Sources */,
				9A3DD07D21306004005375F5 /* GifDetailViewController.m in Sources */,
				9A3DD0A121307B58005375F5 /* APITypes.swift in Sources */,
				9A3DD086213067CA005375F5 /* GifEntity.swift in Sources */,
				9A3DD03D2130489E005375F5 /* AppDelegate.swift in Sources */,
				9A3DD094213071E5005375F5 /* GifCollectionViewLayout.swift in Sources */,
				9AC1530E2133E6BF000CE838 /* GifImage.swift in Sources */,
				9A3DD08C21306846005375F5 /* GifCollectionViewCell.m in Sources */,
				9A3DD0792130552B005375F5 /* GifListViewModel.swift in Sources */,
				9AF2FCBD2135B26200347C36 /* NetworkCancelable.swift in Sources */,
				9AF2FCB821354F8600347C36 /* AppFileManager.swift in Sources */,
				9A3DD09F21307AF8005375F5 /* APIService.swift in Sources */,
				9A91FF9A2136AF480012F072 /* ControllerViewModel.swift in Sources */,
				9AC1530A2133E6B3000CE838 /* UIColor+AppColor.m in Sources */,
				9AF2FCB421354BA400347C36 /* DataManager.m in Sources */,
				9A91FFA22136C3E70012F072 /* GifListViewController+SearchTextField.m in Sources */,
				9A91FF9F2136C3D70012F072 /* GifListViewController+CollectionView.m in Sources */,
				9A3DD08F21306E24005375F5 /* GifCellViewModel.swift in Sources */,
			);
			runOnlyForDeploymentPostprocessing = 0;
		};
		9A3DD04C213048A0005375F5 /* Sources */ = {
			isa = PBXSourcesBuildPhase;
			buildActionMask = 2147483647;
			files = (
				6252E8B82137F74700042E0C /* GifDetailViewModelTests.swift in Sources */,
				9A3DD055213048A0005375F5 /* GiphyAppTests.swift in Sources */,
				6252E8B62137F71000042E0C /* GifCellViewModelTests.swift in Sources */,
				6252E8B42137F6FB00042E0C /* GifListViewModelTests.swift in Sources */,
				6252E8BD2137F86F00042E0C /* APIServiceTests.swift in Sources */,
				6252E8AE2137F62A00042E0C /* DataManagerTests.swift in Sources */,
				6252E8B22137F66A00042E0C /* TransitionManagerTests.swift in Sources */,
				6252E8BA2137F7F200042E0C /* GifSearchViewModelTests.swift in Sources */,
				6252E8AC2137F59600042E0C /* AppFileManagerTests.swift in Sources */,
				6252E8B02137F65600042E0C /* NavigationTests.swift in Sources */,
			);
			runOnlyForDeploymentPostprocessing = 0;
		};
/* End PBXSourcesBuildPhase section */

/* Begin PBXTargetDependency section */
		9A3DD052213048A0005375F5 /* PBXTargetDependency */ = {
			isa = PBXTargetDependency;
			target = 9A3DD0382130489E005375F5 /* GiphyApp */;
			targetProxy = 9A3DD051213048A0005375F5 /* PBXContainerItemProxy */;
		};
/* End PBXTargetDependency section */

/* Begin PBXVariantGroup section */
		9A3DD0402130489E005375F5 /* Main.storyboard */ = {
			isa = PBXVariantGroup;
			children = (
				9A3DD0412130489E005375F5 /* Base */,
			);
			name = Main.storyboard;
			sourceTree = "<group>";
		};
		9A3DD048213048A0005375F5 /* LaunchScreen.storyboard */ = {
			isa = PBXVariantGroup;
			children = (
				9A3DD049213048A0005375F5 /* Base */,
			);
			name = LaunchScreen.storyboard;
			sourceTree = "<group>";
		};
/* End PBXVariantGroup section */

/* Begin XCBuildConfiguration section */
		9A3DD057213048A0005375F5 /* Debug */ = {
			isa = XCBuildConfiguration;
			buildSettings = {
				ALWAYS_SEARCH_USER_PATHS = NO;
				CLANG_ANALYZER_NONNULL = YES;
				CLANG_ANALYZER_NUMBER_OBJECT_CONVERSION = YES_AGGRESSIVE;
				CLANG_CXX_LANGUAGE_STANDARD = "gnu++14";
				CLANG_CXX_LIBRARY = "libc++";
				CLANG_ENABLE_MODULES = YES;
				CLANG_ENABLE_OBJC_ARC = YES;
				CLANG_ENABLE_OBJC_WEAK = YES;
				CLANG_WARN_BLOCK_CAPTURE_AUTORELEASING = YES;
				CLANG_WARN_BOOL_CONVERSION = YES;
				CLANG_WARN_COMMA = YES;
				CLANG_WARN_CONSTANT_CONVERSION = YES;
				CLANG_WARN_DEPRECATED_OBJC_IMPLEMENTATIONS = YES;
				CLANG_WARN_DIRECT_OBJC_ISA_USAGE = YES_ERROR;
				CLANG_WARN_DOCUMENTATION_COMMENTS = YES;
				CLANG_WARN_EMPTY_BODY = YES;
				CLANG_WARN_ENUM_CONVERSION = YES;
				CLANG_WARN_INFINITE_RECURSION = YES;
				CLANG_WARN_INT_CONVERSION = YES;
				CLANG_WARN_NON_LITERAL_NULL_CONVERSION = YES;
				CLANG_WARN_OBJC_IMPLICIT_RETAIN_SELF = YES;
				CLANG_WARN_OBJC_LITERAL_CONVERSION = YES;
				CLANG_WARN_OBJC_ROOT_CLASS = YES_ERROR;
				CLANG_WARN_RANGE_LOOP_ANALYSIS = YES;
				CLANG_WARN_STRICT_PROTOTYPES = YES;
				CLANG_WARN_SUSPICIOUS_MOVE = YES;
				CLANG_WARN_UNGUARDED_AVAILABILITY = YES_AGGRESSIVE;
				CLANG_WARN_UNREACHABLE_CODE = YES;
				CLANG_WARN__DUPLICATE_METHOD_MATCH = YES;
				CODE_SIGN_IDENTITY = "iPhone Developer";
				COPY_PHASE_STRIP = NO;
				DEBUG_INFORMATION_FORMAT = dwarf;
				ENABLE_STRICT_OBJC_MSGSEND = YES;
				ENABLE_TESTABILITY = YES;
				GCC_C_LANGUAGE_STANDARD = gnu11;
				GCC_DYNAMIC_NO_PIC = NO;
				GCC_NO_COMMON_BLOCKS = YES;
				GCC_OPTIMIZATION_LEVEL = 0;
				GCC_PREPROCESSOR_DEFINITIONS = (
					"DEBUG=1",
					"$(inherited)",
				);
				GCC_WARN_64_TO_32_BIT_CONVERSION = YES;
				GCC_WARN_ABOUT_RETURN_TYPE = YES_ERROR;
				GCC_WARN_UNDECLARED_SELECTOR = YES;
				GCC_WARN_UNINITIALIZED_AUTOS = YES_AGGRESSIVE;
				GCC_WARN_UNUSED_FUNCTION = YES;
				GCC_WARN_UNUSED_VARIABLE = YES;
				IPHONEOS_DEPLOYMENT_TARGET = 11.4;
				MTL_ENABLE_DEBUG_INFO = YES;
				ONLY_ACTIVE_ARCH = YES;
				SDKROOT = iphoneos;
				SWIFT_ACTIVE_COMPILATION_CONDITIONS = DEBUG;
				SWIFT_OPTIMIZATION_LEVEL = "-Onone";
			};
			name = Debug;
		};
		9A3DD058213048A0005375F5 /* Release */ = {
			isa = XCBuildConfiguration;
			buildSettings = {
				ALWAYS_SEARCH_USER_PATHS = NO;
				CLANG_ANALYZER_NONNULL = YES;
				CLANG_ANALYZER_NUMBER_OBJECT_CONVERSION = YES_AGGRESSIVE;
				CLANG_CXX_LANGUAGE_STANDARD = "gnu++14";
				CLANG_CXX_LIBRARY = "libc++";
				CLANG_ENABLE_MODULES = YES;
				CLANG_ENABLE_OBJC_ARC = YES;
				CLANG_ENABLE_OBJC_WEAK = YES;
				CLANG_WARN_BLOCK_CAPTURE_AUTORELEASING = YES;
				CLANG_WARN_BOOL_CONVERSION = YES;
				CLANG_WARN_COMMA = YES;
				CLANG_WARN_CONSTANT_CONVERSION = YES;
				CLANG_WARN_DEPRECATED_OBJC_IMPLEMENTATIONS = YES;
				CLANG_WARN_DIRECT_OBJC_ISA_USAGE = YES_ERROR;
				CLANG_WARN_DOCUMENTATION_COMMENTS = YES;
				CLANG_WARN_EMPTY_BODY = YES;
				CLANG_WARN_ENUM_CONVERSION = YES;
				CLANG_WARN_INFINITE_RECURSION = YES;
				CLANG_WARN_INT_CONVERSION = YES;
				CLANG_WARN_NON_LITERAL_NULL_CONVERSION = YES;
				CLANG_WARN_OBJC_IMPLICIT_RETAIN_SELF = YES;
				CLANG_WARN_OBJC_LITERAL_CONVERSION = YES;
				CLANG_WARN_OBJC_ROOT_CLASS = YES_ERROR;
				CLANG_WARN_RANGE_LOOP_ANALYSIS = YES;
				CLANG_WARN_STRICT_PROTOTYPES = YES;
				CLANG_WARN_SUSPICIOUS_MOVE = YES;
				CLANG_WARN_UNGUARDED_AVAILABILITY = YES_AGGRESSIVE;
				CLANG_WARN_UNREACHABLE_CODE = YES;
				CLANG_WARN__DUPLICATE_METHOD_MATCH = YES;
				CODE_SIGN_IDENTITY = "iPhone Developer";
				COPY_PHASE_STRIP = NO;
				DEBUG_INFORMATION_FORMAT = "dwarf-with-dsym";
				ENABLE_NS_ASSERTIONS = NO;
				ENABLE_STRICT_OBJC_MSGSEND = YES;
				GCC_C_LANGUAGE_STANDARD = gnu11;
				GCC_NO_COMMON_BLOCKS = YES;
				GCC_WARN_64_TO_32_BIT_CONVERSION = YES;
				GCC_WARN_ABOUT_RETURN_TYPE = YES_ERROR;
				GCC_WARN_UNDECLARED_SELECTOR = YES;
				GCC_WARN_UNINITIALIZED_AUTOS = YES_AGGRESSIVE;
				GCC_WARN_UNUSED_FUNCTION = YES;
				GCC_WARN_UNUSED_VARIABLE = YES;
				IPHONEOS_DEPLOYMENT_TARGET = 11.4;
				MTL_ENABLE_DEBUG_INFO = NO;
				SDKROOT = iphoneos;
				SWIFT_COMPILATION_MODE = wholemodule;
				SWIFT_OPTIMIZATION_LEVEL = "-O";
				VALIDATE_PRODUCT = YES;
			};
			name = Release;
		};
		9A3DD05A213048A0005375F5 /* Debug */ = {
			isa = XCBuildConfiguration;
			buildSettings = {
				ASSETCATALOG_COMPILER_APPICON_NAME = AppIcon;
				CLANG_ENABLE_MODULES = YES;
				CODE_SIGN_STYLE = Automatic;
				DEVELOPMENT_TEAM = 29ALX3W56Z;
				INFOPLIST_FILE = GiphyApp/Info.plist;
				IPHONEOS_DEPLOYMENT_TARGET = 11.4;
				LD_RUNPATH_SEARCH_PATHS = (
					"$(inherited)",
					"@executable_path/Frameworks",
				);
				PRODUCT_BUNDLE_IDENTIFIER = dimas.GiphyApp;
				PRODUCT_NAME = "$(TARGET_NAME)";
				SWIFT_OBJC_BRIDGING_HEADER = "GiphyApp/GiphyApp-Bridging-Header.h";
				SWIFT_OPTIMIZATION_LEVEL = "-Onone";
				SWIFT_VERSION = 4.0;
				TARGETED_DEVICE_FAMILY = "1,2";
			};
			name = Debug;
		};
		9A3DD05B213048A0005375F5 /* Release */ = {
			isa = XCBuildConfiguration;
			buildSettings = {
				ASSETCATALOG_COMPILER_APPICON_NAME = AppIcon;
				CLANG_ENABLE_MODULES = YES;
				CODE_SIGN_STYLE = Automatic;
				DEVELOPMENT_TEAM = 29ALX3W56Z;
				INFOPLIST_FILE = GiphyApp/Info.plist;
				IPHONEOS_DEPLOYMENT_TARGET = 11.4;
				LD_RUNPATH_SEARCH_PATHS = (
					"$(inherited)",
					"@executable_path/Frameworks",
				);
				PRODUCT_BUNDLE_IDENTIFIER = dimas.GiphyApp;
				PRODUCT_NAME = "$(TARGET_NAME)";
				SWIFT_OBJC_BRIDGING_HEADER = "GiphyApp/GiphyApp-Bridging-Header.h";
				SWIFT_VERSION = 4.0;
				TARGETED_DEVICE_FAMILY = "1,2";
			};
			name = Release;
		};
		9A3DD05D213048A0005375F5 /* Debug */ = {
			isa = XCBuildConfiguration;
			buildSettings = {
				ALWAYS_EMBED_SWIFT_STANDARD_LIBRARIES = YES;
				BUNDLE_LOADER = "$(TEST_HOST)";
				CODE_SIGN_STYLE = Automatic;
				DEVELOPMENT_TEAM = M3L778SRB3;
				INFOPLIST_FILE = GiphyAppTests/Info.plist;
				LD_RUNPATH_SEARCH_PATHS = (
					"$(inherited)",
					"@executable_path/Frameworks",
					"@loader_path/Frameworks",
				);
				PRODUCT_BUNDLE_IDENTIFIER = Piatyha.GiphyAppTests;
				PRODUCT_NAME = "$(TARGET_NAME)";
				SWIFT_VERSION = 4.0;
				TARGETED_DEVICE_FAMILY = "1,2";
				TEST_HOST = "$(BUILT_PRODUCTS_DIR)/GiphyApp.app/GiphyApp";
			};
			name = Debug;
		};
		9A3DD05E213048A0005375F5 /* Release */ = {
			isa = XCBuildConfiguration;
			buildSettings = {
				ALWAYS_EMBED_SWIFT_STANDARD_LIBRARIES = YES;
				BUNDLE_LOADER = "$(TEST_HOST)";
				CODE_SIGN_STYLE = Automatic;
				DEVELOPMENT_TEAM = M3L778SRB3;
				INFOPLIST_FILE = GiphyAppTests/Info.plist;
				LD_RUNPATH_SEARCH_PATHS = (
					"$(inherited)",
					"@executable_path/Frameworks",
					"@loader_path/Frameworks",
				);
				PRODUCT_BUNDLE_IDENTIFIER = Piatyha.GiphyAppTests;
				PRODUCT_NAME = "$(TARGET_NAME)";
				SWIFT_VERSION = 4.0;
				TARGETED_DEVICE_FAMILY = "1,2";
				TEST_HOST = "$(BUILT_PRODUCTS_DIR)/GiphyApp.app/GiphyApp";
			};
			name = Release;
		};
/* End XCBuildConfiguration section */

/* Begin XCConfigurationList section */
		9A3DD0342130489E005375F5 /* Build configuration list for PBXProject "GiphyApp" */ = {
			isa = XCConfigurationList;
			buildConfigurations = (
				9A3DD057213048A0005375F5 /* Debug */,
				9A3DD058213048A0005375F5 /* Release */,
			);
			defaultConfigurationIsVisible = 0;
			defaultConfigurationName = Release;
		};
		9A3DD059213048A0005375F5 /* Build configuration list for PBXNativeTarget "GiphyApp" */ = {
			isa = XCConfigurationList;
			buildConfigurations = (
				9A3DD05A213048A0005375F5 /* Debug */,
				9A3DD05B213048A0005375F5 /* Release */,
			);
			defaultConfigurationIsVisible = 0;
			defaultConfigurationName = Release;
		};
		9A3DD05C213048A0005375F5 /* Build configuration list for PBXNativeTarget "GiphyAppTests" */ = {
			isa = XCConfigurationList;
			buildConfigurations = (
				9A3DD05D213048A0005375F5 /* Debug */,
				9A3DD05E213048A0005375F5 /* Release */,
			);
			defaultConfigurationIsVisible = 0;
			defaultConfigurationName = Release;
		};
/* End XCConfigurationList section */

/* Begin XCVersionGroup section */
		9A3DD0432130489E005375F5 /* GiphyApp.xcdatamodeld */ = {
			isa = XCVersionGroup;
			children = (
				9A3DD0442130489E005375F5 /* GiphyApp.xcdatamodel */,
			);
			currentVersion = 9A3DD0442130489E005375F5 /* GiphyApp.xcdatamodel */;
			path = GiphyApp.xcdatamodeld;
			sourceTree = "<group>";
			versionGroupType = wrapper.xcdatamodel;
		};
/* End XCVersionGroup section */
	};
	rootObject = 9A3DD0312130489E005375F5 /* Project object */;
}
